// !$*UTF8*$!
{
	archiveVersion = 1;
	classes = {
	};
	objectVersion = 56;
	objects = {

/* Begin PBXBuildFile section */
		0718BB892BFC3A9000A29183 /* DetailView.swift in Sources */ = {isa = PBXBuildFile; fileRef = 0718BB882BFC3A9000A29183 /* DetailView.swift */; };
		0752E8832BFA5A040073072E /* GolfTrackProApp.swift in Sources */ = {isa = PBXBuildFile; fileRef = 0752E8822BFA5A040073072E /* GolfTrackProApp.swift */; };
		0752E8872BFA5A050073072E /* Assets.xcassets in Resources */ = {isa = PBXBuildFile; fileRef = 0752E8862BFA5A050073072E /* Assets.xcassets */; };
		0752E88A2BFA5A050073072E /* Preview Assets.xcassets in Resources */ = {isa = PBXBuildFile; fileRef = 0752E8892BFA5A050073072E /* Preview Assets.xcassets */; };
		0752E8912BFA5AB10073072E /* GolfRoundView.swift in Sources */ = {isa = PBXBuildFile; fileRef = 0752E8902BFA5AB10073072E /* GolfRoundView.swift */; };
		0752E8932BFA5D150073072E /* HoleScoreView.swift in Sources */ = {isa = PBXBuildFile; fileRef = 0752E8922BFA5D150073072E /* HoleScoreView.swift */; };
		0752E8962BFA6DF10073072E /* Score.swift in Sources */ = {isa = PBXBuildFile; fileRef = 0752E8952BFA6DF10073072E /* Score.swift */; };
		0797A9AB2BFD7F3B0022D874 /* ScoreAdjuster.swift in Sources */ = {isa = PBXBuildFile; fileRef = 0797A9AA2BFD7F3B0022D874 /* ScoreAdjuster.swift */; };
		0797A9AD2BFD804C0022D874 /* LocationManager.swift in Sources */ = {isa = PBXBuildFile; fileRef = 0797A9AC2BFD804C0022D874 /* LocationManager.swift */; };
/* End PBXBuildFile section */

/* Begin PBXFileReference section */
		0718BB882BFC3A9000A29183 /* DetailView.swift */ = {isa = PBXFileReference; lastKnownFileType = sourcecode.swift; path = DetailView.swift; sourceTree = "<group>"; };
		0752E87F2BFA5A040073072E /* GolfTrackPro.app */ = {isa = PBXFileReference; explicitFileType = wrapper.application; includeInIndex = 0; path = GolfTrackPro.app; sourceTree = BUILT_PRODUCTS_DIR; };
		0752E8822BFA5A040073072E /* GolfTrackProApp.swift */ = {isa = PBXFileReference; lastKnownFileType = sourcecode.swift; path = GolfTrackProApp.swift; sourceTree = "<group>"; };
		0752E8862BFA5A050073072E /* Assets.xcassets */ = {isa = PBXFileReference; lastKnownFileType = folder.assetcatalog; path = Assets.xcassets; sourceTree = "<group>"; };
		0752E8892BFA5A050073072E /* Preview Assets.xcassets */ = {isa = PBXFileReference; lastKnownFileType = folder.assetcatalog; path = "Preview Assets.xcassets"; sourceTree = "<group>"; };
		0752E8902BFA5AB10073072E /* GolfRoundView.swift */ = {isa = PBXFileReference; lastKnownFileType = sourcecode.swift; path = GolfRoundView.swift; sourceTree = "<group>"; };
		0752E8922BFA5D150073072E /* HoleScoreView.swift */ = {isa = PBXFileReference; lastKnownFileType = sourcecode.swift; path = HoleScoreView.swift; sourceTree = "<group>"; };
		0752E8952BFA6DF10073072E /* Score.swift */ = {isa = PBXFileReference; lastKnownFileType = sourcecode.swift; path = Score.swift; sourceTree = "<group>"; };
		0797A9AA2BFD7F3B0022D874 /* ScoreAdjuster.swift */ = {isa = PBXFileReference; lastKnownFileType = sourcecode.swift; path = ScoreAdjuster.swift; sourceTree = "<group>"; };
		0797A9AC2BFD804C0022D874 /* LocationManager.swift */ = {isa = PBXFileReference; lastKnownFileType = sourcecode.swift; path = LocationManager.swift; sourceTree = "<group>"; };
/* End PBXFileReference section */

/* Begin PBXFrameworksBuildPhase section */
		0752E87C2BFA5A040073072E /* Frameworks */ = {
			isa = PBXFrameworksBuildPhase;
			buildActionMask = 2147483647;
			files = (
			);
			runOnlyForDeploymentPostprocessing = 0;
		};
/* End PBXFrameworksBuildPhase section */

/* Begin PBXGroup section */
		0718BB8A2BFC405400A29183 /* Models */ = {
			isa = PBXGroup;
			children = (
				0752E8952BFA6DF10073072E /* Score.swift */,
			);
			path = Models;
			sourceTree = "<group>";
		};
		0752E8762BFA5A030073072E = {
			isa = PBXGroup;
			children = (
				0752E8812BFA5A040073072E /* GolfTrackPro */,
				0752E8802BFA5A040073072E /* Products */,
			);
			sourceTree = "<group>";
		};
		0752E8802BFA5A040073072E /* Products */ = {
			isa = PBXGroup;
			children = (
				0752E87F2BFA5A040073072E /* GolfTrackPro.app */,
			);
			name = Products;
			sourceTree = "<group>";
		};
		0752E8812BFA5A040073072E /* GolfTrackPro */ = {
			isa = PBXGroup;
			children = (
				0718BB8A2BFC405400A29183 /* Models */,
				0752E8942BFA5DB70073072E /* Views */,
				0752E8862BFA5A050073072E /* Assets.xcassets */,
				0752E8882BFA5A050073072E /* Preview Content */,
				0797A9AC2BFD804C0022D874 /* LocationManager.swift */,
			);
			path = GolfTrackPro;
			sourceTree = "<group>";
		};
		0752E8882BFA5A050073072E /* Preview Content */ = {
			isa = PBXGroup;
			children = (
				0752E8892BFA5A050073072E /* Preview Assets.xcassets */,
			);
			path = "Preview Content";
			sourceTree = "<group>";
		};
		0752E8942BFA5DB70073072E /* Views */ = {
			isa = PBXGroup;
			children = (
				0752E8822BFA5A040073072E /* GolfTrackProApp.swift */,
				0752E8902BFA5AB10073072E /* GolfRoundView.swift */,
				0752E8922BFA5D150073072E /* HoleScoreView.swift */,
				0718BB882BFC3A9000A29183 /* DetailView.swift */,
				0797A9AA2BFD7F3B0022D874 /* ScoreAdjuster.swift */,
			);
			path = Views;
			sourceTree = "<group>";
		};
/* End PBXGroup section */

/* Begin PBXNativeTarget section */
		0752E87E2BFA5A040073072E /* GolfTrackPro */ = {
			isa = PBXNativeTarget;
			buildConfigurationList = 0752E88D2BFA5A050073072E /* Build configuration list for PBXNativeTarget "GolfTrackPro" */;
			buildPhases = (
				0752E87B2BFA5A040073072E /* Sources */,
				0752E87C2BFA5A040073072E /* Frameworks */,
				0752E87D2BFA5A040073072E /* Resources */,
			);
			buildRules = (
			);
			dependencies = (
			);
			name = GolfTrackPro;
			productName = GolfTrackPro;
			productReference = 0752E87F2BFA5A040073072E /* GolfTrackPro.app */;
			productType = "com.apple.product-type.application";
		};
/* End PBXNativeTarget section */

/* Begin PBXProject section */
		0752E8772BFA5A030073072E /* Project object */ = {
			isa = PBXProject;
			attributes = {
				BuildIndependentTargetsInParallel = 1;
				LastSwiftUpdateCheck = 1520;
				LastUpgradeCheck = 1520;
				TargetAttributes = {
					0752E87E2BFA5A040073072E = {
						CreatedOnToolsVersion = 15.2;
					};
				};
			};
			buildConfigurationList = 0752E87A2BFA5A030073072E /* Build configuration list for PBXProject "GolfTrackPro" */;
			compatibilityVersion = "Xcode 14.0";
			developmentRegion = en;
			hasScannedForEncodings = 0;
			knownRegions = (
				en,
				Base,
			);
			mainGroup = 0752E8762BFA5A030073072E;
			productRefGroup = 0752E8802BFA5A040073072E /* Products */;
			projectDirPath = "";
			projectRoot = "";
			targets = (
				0752E87E2BFA5A040073072E /* GolfTrackPro */,
			);
		};
/* End PBXProject section */

/* Begin PBXResourcesBuildPhase section */
		0752E87D2BFA5A040073072E /* Resources */ = {
			isa = PBXResourcesBuildPhase;
			buildActionMask = 2147483647;
			files = (
				0752E88A2BFA5A050073072E /* Preview Assets.xcassets in Resources */,
				0752E8872BFA5A050073072E /* Assets.xcassets in Resources */,
			);
			runOnlyForDeploymentPostprocessing = 0;
		};
/* End PBXResourcesBuildPhase section */

/* Begin PBXSourcesBuildPhase section */
		0752E87B2BFA5A040073072E /* Sources */ = {
			isa = PBXSourcesBuildPhase;
			buildActionMask = 2147483647;
			files = (
				0797A9AB2BFD7F3B0022D874 /* ScoreAdjuster.swift in Sources */,
				0752E8932BFA5D150073072E /* HoleScoreView.swift in Sources */,
				0752E8832BFA5A040073072E /* GolfTrackProApp.swift in Sources */,
				0797A9AD2BFD804C0022D874 /* LocationManager.swift in Sources */,
				0718BB892BFC3A9000A29183 /* DetailView.swift in Sources */,
				0752E8962BFA6DF10073072E /* Score.swift in Sources */,
				0752E8912BFA5AB10073072E /* GolfRoundView.swift in Sources */,
			);
			runOnlyForDeploymentPostprocessing = 0;
		};
/* End PBXSourcesBuildPhase section */

/* Begin XCBuildConfiguration section */
		0752E88B2BFA5A050073072E /* Debug */ = {
			isa = XCBuildConfiguration;
			buildSettings = {
				ALWAYS_SEARCH_USER_PATHS = NO;
				ASSETCATALOG_COMPILER_GENERATE_SWIFT_ASSET_SYMBOL_EXTENSIONS = YES;
				CLANG_ANALYZER_NONNULL = YES;
				CLANG_ANALYZER_NUMBER_OBJECT_CONVERSION = YES_AGGRESSIVE;
				CLANG_CXX_LANGUAGE_STANDARD = "gnu++20";
				CLANG_ENABLE_MODULES = YES;
				CLANG_ENABLE_OBJC_ARC = YES;
				CLANG_ENABLE_OBJC_WEAK = YES;
				CLANG_WARN_BLOCK_CAPTURE_AUTORELEASING = YES;
				CLANG_WARN_BOOL_CONVERSION = YES;
				CLANG_WARN_COMMA = YES;
				CLANG_WARN_CONSTANT_CONVERSION = YES;
				CLANG_WARN_DEPRECATED_OBJC_IMPLEMENTATIONS = YES;
				CLANG_WARN_DIRECT_OBJC_ISA_USAGE = YES_ERROR;
				CLANG_WARN_DOCUMENTATION_COMMENTS = YES;
				CLANG_WARN_EMPTY_BODY = YES;
				CLANG_WARN_ENUM_CONVERSION = YES;
				CLANG_WARN_INFINITE_RECURSION = YES;
				CLANG_WARN_INT_CONVERSION = YES;
				CLANG_WARN_NON_LITERAL_NULL_CONVERSION = YES;
				CLANG_WARN_OBJC_IMPLICIT_RETAIN_SELF = YES;
				CLANG_WARN_OBJC_LITERAL_CONVERSION = YES;
				CLANG_WARN_OBJC_ROOT_CLASS = YES_ERROR;
				CLANG_WARN_QUOTED_INCLUDE_IN_FRAMEWORK_HEADER = YES;
				CLANG_WARN_RANGE_LOOP_ANALYSIS = YES;
				CLANG_WARN_STRICT_PROTOTYPES = YES;
				CLANG_WARN_SUSPICIOUS_MOVE = YES;
				CLANG_WARN_UNGUARDED_AVAILABILITY = YES_AGGRESSIVE;
				CLANG_WARN_UNREACHABLE_CODE = YES;
				CLANG_WARN__DUPLICATE_METHOD_MATCH = YES;
				COPY_PHASE_STRIP = NO;
				DEBUG_INFORMATION_FORMAT = dwarf;
				ENABLE_STRICT_OBJC_MSGSEND = YES;
				ENABLE_TESTABILITY = YES;
				ENABLE_USER_SCRIPT_SANDBOXING = YES;
				GCC_C_LANGUAGE_STANDARD = gnu17;
				GCC_DYNAMIC_NO_PIC = NO;
				GCC_NO_COMMON_BLOCKS = YES;
				GCC_OPTIMIZATION_LEVEL = 0;
				GCC_PREPROCESSOR_DEFINITIONS = (
					"DEBUG=1",
					"$(inherited)",
				);
				GCC_WARN_64_TO_32_BIT_CONVERSION = YES;
				GCC_WARN_ABOUT_RETURN_TYPE = YES_ERROR;
				GCC_WARN_UNDECLARED_SELECTOR = YES;
				GCC_WARN_UNINITIALIZED_AUTOS = YES_AGGRESSIVE;
				GCC_WARN_UNUSED_FUNCTION = YES;
				GCC_WARN_UNUSED_VARIABLE = YES;
				IPHONEOS_DEPLOYMENT_TARGET = 17.2;
				LOCALIZATION_PREFERS_STRING_CATALOGS = YES;
				MTL_ENABLE_DEBUG_INFO = INCLUDE_SOURCE;
				MTL_FAST_MATH = YES;
				ONLY_ACTIVE_ARCH = YES;
				SDKROOT = iphoneos;
				SWIFT_ACTIVE_COMPILATION_CONDITIONS = "DEBUG $(inherited)";
				SWIFT_OPTIMIZATION_LEVEL = "-Onone";
			};
			name = Debug;
		};
		0752E88C2BFA5A050073072E /* Release */ = {
			isa = XCBuildConfiguration;
			buildSettings = {
				ALWAYS_SEARCH_USER_PATHS = NO;
				ASSETCATALOG_COMPILER_GENERATE_SWIFT_ASSET_SYMBOL_EXTENSIONS = YES;
				CLANG_ANALYZER_NONNULL = YES;
				CLANG_ANALYZER_NUMBER_OBJECT_CONVERSION = YES_AGGRESSIVE;
				CLANG_CXX_LANGUAGE_STANDARD = "gnu++20";
				CLANG_ENABLE_MODULES = YES;
				CLANG_ENABLE_OBJC_ARC = YES;
				CLANG_ENABLE_OBJC_WEAK = YES;
				CLANG_WARN_BLOCK_CAPTURE_AUTORELEASING = YES;
				CLANG_WARN_BOOL_CONVERSION = YES;
				CLANG_WARN_COMMA = YES;
				CLANG_WARN_CONSTANT_CONVERSION = YES;
				CLANG_WARN_DEPRECATED_OBJC_IMPLEMENTATIONS = YES;
				CLANG_WARN_DIRECT_OBJC_ISA_USAGE = YES_ERROR;
				CLANG_WARN_DOCUMENTATION_COMMENTS = YES;
				CLANG_WARN_EMPTY_BODY = YES;
				CLANG_WARN_ENUM_CONVERSION = YES;
				CLANG_WARN_INFINITE_RECURSION = YES;
				CLANG_WARN_INT_CONVERSION = YES;
				CLANG_WARN_NON_LITERAL_NULL_CONVERSION = YES;
				CLANG_WARN_OBJC_IMPLICIT_RETAIN_SELF = YES;
				CLANG_WARN_OBJC_LITERAL_CONVERSION = YES;
				CLANG_WARN_OBJC_ROOT_CLASS = YES_ERROR;
				CLANG_WARN_QUOTED_INCLUDE_IN_FRAMEWORK_HEADER = YES;
				CLANG_WARN_RANGE_LOOP_ANALYSIS = YES;
				CLANG_WARN_STRICT_PROTOTYPES = YES;
				CLANG_WARN_SUSPICIOUS_MOVE = YES;
				CLANG_WARN_UNGUARDED_AVAILABILITY = YES_AGGRESSIVE;
				CLANG_WARN_UNREACHABLE_CODE = YES;
				CLANG_WARN__DUPLICATE_METHOD_MATCH = YES;
				COPY_PHASE_STRIP = NO;
				DEBUG_INFORMATION_FORMAT = "dwarf-with-dsym";
				ENABLE_NS_ASSERTIONS = NO;
				ENABLE_STRICT_OBJC_MSGSEND = YES;
				ENABLE_USER_SCRIPT_SANDBOXING = YES;
				GCC_C_LANGUAGE_STANDARD = gnu17;
				GCC_NO_COMMON_BLOCKS = YES;
				GCC_WARN_64_TO_32_BIT_CONVERSION = YES;
				GCC_WARN_ABOUT_RETURN_TYPE = YES_ERROR;
				GCC_WARN_UNDECLARED_SELECTOR = YES;
				GCC_WARN_UNINITIALIZED_AUTOS = YES_AGGRESSIVE;
				GCC_WARN_UNUSED_FUNCTION = YES;
				GCC_WARN_UNUSED_VARIABLE = YES;
				IPHONEOS_DEPLOYMENT_TARGET = 17.2;
				LOCALIZATION_PREFERS_STRING_CATALOGS = YES;
				MTL_ENABLE_DEBUG_INFO = NO;
				MTL_FAST_MATH = YES;
				SDKROOT = iphoneos;
				SWIFT_COMPILATION_MODE = wholemodule;
				VALIDATE_PRODUCT = YES;
			};
			name = Release;
		};
		0752E88E2BFA5A050073072E /* Debug */ = {
			isa = XCBuildConfiguration;
			buildSettings = {
				ASSETCATALOG_COMPILER_APPICON_NAME = AppIcon;
				ASSETCATALOG_COMPILER_GLOBAL_ACCENT_COLOR_NAME = AccentColor;
				CODE_SIGN_STYLE = Automatic;
				CURRENT_PROJECT_VERSION = 1;
				DEVELOPMENT_ASSET_PATHS = "\"GolfTrackPro/Preview Content\"";
				DEVELOPMENT_TEAM = 2RA5SWW383;
				ENABLE_PREVIEWS = YES;
				GENERATE_INFOPLIST_FILE = YES;
				INFOPLIST_KEY_UIApplicationSceneManifest_Generation = YES;
				INFOPLIST_KEY_UIApplicationSupportsIndirectInputEvents = YES;
				INFOPLIST_KEY_UILaunchScreen_Generation = YES;
				INFOPLIST_KEY_UISupportedInterfaceOrientations_iPad = "UIInterfaceOrientationPortrait UIInterfaceOrientationPortraitUpsideDown UIInterfaceOrientationLandscapeLeft UIInterfaceOrientationLandscapeRight";
				INFOPLIST_KEY_UISupportedInterfaceOrientations_iPhone = "UIInterfaceOrientationPortrait UIInterfaceOrientationLandscapeLeft UIInterfaceOrientationLandscapeRight";
				LD_RUNPATH_SEARCH_PATHS = (
					"$(inherited)",
					"@executable_path/Frameworks",
				);
				MARKETING_VERSION = 1.0;
				PRODUCT_BUNDLE_IDENTIFIER = com.golftrack.GolfTrackPro;
				PRODUCT_NAME = "$(TARGET_NAME)";
				SWIFT_EMIT_LOC_STRINGS = YES;
				SWIFT_VERSION = 5.0;
				TARGETED_DEVICE_FAMILY = "1,2";
			};
			name = Debug;
		};
		0752E88F2BFA5A050073072E /* Release */ = {
			isa = XCBuildConfiguration;
			buildSettings = {
				ASSETCATALOG_COMPILER_APPICON_NAME = AppIcon;
				ASSETCATALOG_COMPILER_GLOBAL_ACCENT_COLOR_NAME = AccentColor;
				CODE_SIGN_STYLE = Automatic;
				CURRENT_PROJECT_VERSION = 1;
				DEVELOPMENT_ASSET_PATHS = "\"GolfTrackPro/Preview Content\"";
				DEVELOPMENT_TEAM = 2RA5SWW383;
				ENABLE_PREVIEWS = YES;
				GENERATE_INFOPLIST_FILE = YES;
				INFOPLIST_KEY_UIApplicationSceneManifest_Generation = YES;
				INFOPLIST_KEY_UIApplicationSupportsIndirectInputEvents = YES;
				INFOPLIST_KEY_UILaunchScreen_Generation = YES;
				INFOPLIST_KEY_UISupportedInterfaceOrientations_iPad = "UIInterfaceOrientationPortrait UIInterfaceOrientationPortraitUpsideDown UIInterfaceOrientationLandscapeLeft UIInterfaceOrientationLandscapeRight";
				INFOPLIST_KEY_UISupportedInterfaceOrientations_iPhone = "UIInterfaceOrientationPortrait UIInterfaceOrientationLandscapeLeft UIInterfaceOrientationLandscapeRight";
				LD_RUNPATH_SEARCH_PATHS = (
					"$(inherited)",
					"@executable_path/Frameworks",
				);
				MARKETING_VERSION = 1.0;
				PRODUCT_BUNDLE_IDENTIFIER = com.golftrack.GolfTrackPro;
				PRODUCT_NAME = "$(TARGET_NAME)";
				SWIFT_EMIT_LOC_STRINGS = YES;
				SWIFT_VERSION = 5.0;
				TARGETED_DEVICE_FAMILY = "1,2";
			};
			name = Release;
		};
/* End XCBuildConfiguration section */

/* Begin XCConfigurationList section */
		0752E87A2BFA5A030073072E /* Build configuration list for PBXProject "GolfTrackPro" */ = {
			isa = XCConfigurationList;
			buildConfigurations = (
				0752E88B2BFA5A050073072E /* Debug */,
				0752E88C2BFA5A050073072E /* Release */,
			);
			defaultConfigurationIsVisible = 0;
			defaultConfigurationName = Release;
		};
		0752E88D2BFA5A050073072E /* Build configuration list for PBXNativeTarget "GolfTrackPro" */ = {
			isa = XCConfigurationList;
			buildConfigurations = (
				0752E88E2BFA5A050073072E /* Debug */,
				0752E88F2BFA5A050073072E /* Release */,
			);
			defaultConfigurationIsVisible = 0;
			defaultConfigurationName = Release;
		};
/* End XCConfigurationList section */
	};
	rootObject = 0752E8772BFA5A030073072E /* Project object */;
}
